// !$*UTF8*$!
{
	archiveVersion = 1;
	classes = {
	};
	objectVersion = 56;
	objects = {

/* Begin PBXBuildFile section */
		6E6D88302D3E9986003C6A17 /* ChangeBackGroundColorApp.swift in Sources */ = {isa = PBXBuildFile; fileRef = 6E6D882F2D3E9986003C6A17 /* ChangeBackGroundColorApp.swift */; };
		6E6D88322D3E9986003C6A17 /* ContentView.swift in Sources */ = {isa = PBXBuildFile; fileRef = 6E6D88312D3E9986003C6A17 /* ContentView.swift */; };
		6E6D88342D3E9989003C6A17 /* Assets.xcassets in Resources */ = {isa = PBXBuildFile; fileRef = 6E6D88332D3E9989003C6A17 /* Assets.xcassets */; };
		6E6D88372D3E9989003C6A17 /* Preview Assets.xcassets in Resources */ = {isa = PBXBuildFile; fileRef = 6E6D88362D3E9989003C6A17 /* Preview Assets.xcassets */; };
		6E6D88412D3E9989003C6A17 /* ChangeBackGroundColorTests.swift in Sources */ = {isa = PBXBuildFile; fileRef = 6E6D88402D3E9989003C6A17 /* ChangeBackGroundColorTests.swift */; };
		6E6D884B2D3E9989003C6A17 /* ChangeBackGroundColorUITests.swift in Sources */ = {isa = PBXBuildFile; fileRef = 6E6D884A2D3E9989003C6A17 /* ChangeBackGroundColorUITests.swift */; };
		6E6D884D2D3E9989003C6A17 /* ChangeBackGroundColorUITestsLaunchTests.swift in Sources */ = {isa = PBXBuildFile; fileRef = 6E6D884C2D3E9989003C6A17 /* ChangeBackGroundColorUITestsLaunchTests.swift */; };
/* End PBXBuildFile section */

/* Begin PBXContainerItemProxy section */
		6E6D883D2D3E9989003C6A17 /* PBXContainerItemProxy */ = {
			isa = PBXContainerItemProxy;
			containerPortal = 6E6D88242D3E9986003C6A17 /* Project object */;
			proxyType = 1;
			remoteGlobalIDString = 6E6D882B2D3E9986003C6A17;
			remoteInfo = ChangeBackGroundColor;
		};
		6E6D88472D3E9989003C6A17 /* PBXContainerItemProxy */ = {
			isa = PBXContainerItemProxy;
			containerPortal = 6E6D88242D3E9986003C6A17 /* Project object */;
			proxyType = 1;
			remoteGlobalIDString = 6E6D882B2D3E9986003C6A17;
			remoteInfo = ChangeBackGroundColor;
		};
/* End PBXContainerItemProxy section */

/* Begin PBXFileReference section */
		6E6D882C2D3E9986003C6A17 /* ChangeBackGroundColor.app */ = {isa = PBXFileReference; explicitFileType = wrapper.application; includeInIndex = 0; path = ChangeBackGroundColor.app; sourceTree = BUILT_PRODUCTS_DIR; };
		6E6D882F2D3E9986003C6A17 /* ChangeBackGroundColorApp.swift */ = {isa = PBXFileReference; lastKnownFileType = sourcecode.swift; path = ChangeBackGroundColorApp.swift; sourceTree = "<group>"; };
		6E6D88312D3E9986003C6A17 /* ContentView.swift */ = {isa = PBXFileReference; lastKnownFileType = sourcecode.swift; path = ContentView.swift; sourceTree = "<group>"; };
		6E6D88332D3E9989003C6A17 /* Assets.xcassets */ = {isa = PBXFileReference; lastKnownFileType = folder.assetcatalog; path = Assets.xcassets; sourceTree = "<group>"; };
		6E6D88362D3E9989003C6A17 /* Preview Assets.xcassets */ = {isa = PBXFileReference; lastKnownFileType = folder.assetcatalog; path = "Preview Assets.xcassets"; sourceTree = "<group>"; };
		6E6D883C2D3E9989003C6A17 /* ChangeBackGroundColorTests.xctest */ = {isa = PBXFileReference; explicitFileType = wrapper.cfbundle; includeInIndex = 0; path = ChangeBackGroundColorTests.xctest; sourceTree = BUILT_PRODUCTS_DIR; };
		6E6D88402D3E9989003C6A17 /* ChangeBackGroundColorTests.swift */ = {isa = PBXFileReference; lastKnownFileType = sourcecode.swift; path = ChangeBackGroundColorTests.swift; sourceTree = "<group>"; };
		6E6D88462D3E9989003C6A17 /* ChangeBackGroundColorUITests.xctest */ = {isa = PBXFileReference; explicitFileType = wrapper.cfbundle; includeInIndex = 0; path = ChangeBackGroundColorUITests.xctest; sourceTree = BUILT_PRODUCTS_DIR; };
		6E6D884A2D3E9989003C6A17 /* ChangeBackGroundColorUITests.swift */ = {isa = PBXFileReference; lastKnownFileType = sourcecode.swift; path = ChangeBackGroundColorUITests.swift; sourceTree = "<group>"; };
		6E6D884C2D3E9989003C6A17 /* ChangeBackGroundColorUITestsLaunchTests.swift */ = {isa = PBXFileReference; lastKnownFileType = sourcecode.swift; path = ChangeBackGroundColorUITestsLaunchTests.swift; sourceTree = "<group>"; };
/* End PBXFileReference section */

/* Begin PBXFrameworksBuildPhase section */
		6E6D88292D3E9986003C6A17 /* Frameworks */ = {
			isa = PBXFrameworksBuildPhase;
			buildActionMask = 2147483647;
			files = (
			);
			runOnlyForDeploymentPostprocessing = 0;
		};
		6E6D88392D3E9989003C6A17 /* Frameworks */ = {
			isa = PBXFrameworksBuildPhase;
			buildActionMask = 2147483647;
			files = (
			);
			runOnlyForDeploymentPostprocessing = 0;
		};
		6E6D88432D3E9989003C6A17 /* Frameworks */ = {
			isa = PBXFrameworksBuildPhase;
			buildActionMask = 2147483647;
			files = (
			);
			runOnlyForDeploymentPostprocessing = 0;
		};
/* End PBXFrameworksBuildPhase section */

/* Begin PBXGroup section */
		6E6D88232D3E9986003C6A17 = {
			isa = PBXGroup;
			children = (
				6E6D882E2D3E9986003C6A17 /* ChangeBackGroundColor */,
				6E6D883F2D3E9989003C6A17 /* ChangeBackGroundColorTests */,
				6E6D88492D3E9989003C6A17 /* ChangeBackGroundColorUITests */,
				6E6D882D2D3E9986003C6A17 /* Products */,
			);
			sourceTree = "<group>";
		};
		6E6D882D2D3E9986003C6A17 /* Products */ = {
			isa = PBXGroup;
			children = (
				6E6D882C2D3E9986003C6A17 /* ChangeBackGroundColor.app */,
				6E6D883C2D3E9989003C6A17 /* ChangeBackGroundColorTests.xctest */,
				6E6D88462D3E9989003C6A17 /* ChangeBackGroundColorUITests.xctest */,
			);
			name = Products;
			sourceTree = "<group>";
		};
		6E6D882E2D3E9986003C6A17 /* ChangeBackGroundColor */ = {
			isa = PBXGroup;
			children = (
				6E6D882F2D3E9986003C6A17 /* ChangeBackGroundColorApp.swift */,
				6E6D88312D3E9986003C6A17 /* ContentView.swift */,
				6E6D88332D3E9989003C6A17 /* Assets.xcassets */,
				6E6D88352D3E9989003C6A17 /* Preview Content */,
			);
			path = ChangeBackGroundColor;
			sourceTree = "<group>";
		};
		6E6D88352D3E9989003C6A17 /* Preview Content */ = {
			isa = PBXGroup;
			children = (
				6E6D88362D3E9989003C6A17 /* Preview Assets.xcassets */,
			);
			path = "Preview Content";
			sourceTree = "<group>";
		};
		6E6D883F2D3E9989003C6A17 /* ChangeBackGroundColorTests */ = {
			isa = PBXGroup;
			children = (
				6E6D88402D3E9989003C6A17 /* ChangeBackGroundColorTests.swift */,
			);
			path = ChangeBackGroundColorTests;
			sourceTree = "<group>";
		};
		6E6D88492D3E9989003C6A17 /* ChangeBackGroundColorUITests */ = {
			isa = PBXGroup;
			children = (
				6E6D884A2D3E9989003C6A17 /* ChangeBackGroundColorUITests.swift */,
				6E6D884C2D3E9989003C6A17 /* ChangeBackGroundColorUITestsLaunchTests.swift */,
			);
			path = ChangeBackGroundColorUITests;
			sourceTree = "<group>";
		};
/* End PBXGroup section */

/* Begin PBXNativeTarget section */
		6E6D882B2D3E9986003C6A17 /* ChangeBackGroundColor */ = {
			isa = PBXNativeTarget;
			buildConfigurationList = 6E6D88502D3E9989003C6A17 /* Build configuration list for PBXNativeTarget "ChangeBackGroundColor" */;
			buildPhases = (
				6E6D88282D3E9986003C6A17 /* Sources */,
				6E6D88292D3E9986003C6A17 /* Frameworks */,
				6E6D882A2D3E9986003C6A17 /* Resources */,
			);
			buildRules = (
			);
			dependencies = (
			);
			name = ChangeBackGroundColor;
			productName = ChangeBackGroundColor;
			productReference = 6E6D882C2D3E9986003C6A17 /* ChangeBackGroundColor.app */;
			productType = "com.apple.product-type.application";
		};
		6E6D883B2D3E9989003C6A17 /* ChangeBackGroundColorTests */ = {
			isa = PBXNativeTarget;
			buildConfigurationList = 6E6D88532D3E9989003C6A17 /* Build configuration list for PBXNativeTarget "ChangeBackGroundColorTests" */;
			buildPhases = (
				6E6D88382D3E9989003C6A17 /* Sources */,
				6E6D88392D3E9989003C6A17 /* Frameworks */,
				6E6D883A2D3E9989003C6A17 /* Resources */,
			);
			buildRules = (
			);
			dependencies = (
				6E6D883E2D3E9989003C6A17 /* PBXTargetDependency */,
			);
			name = ChangeBackGroundColorTests;
			productName = ChangeBackGroundColorTests;
			productReference = 6E6D883C2D3E9989003C6A17 /* ChangeBackGroundColorTests.xctest */;
			productType = "com.apple.product-type.bundle.unit-test";
		};
		6E6D88452D3E9989003C6A17 /* ChangeBackGroundColorUITests */ = {
			isa = PBXNativeTarget;
			buildConfigurationList = 6E6D88562D3E9989003C6A17 /* Build configuration list for PBXNativeTarget "ChangeBackGroundColorUITests" */;
			buildPhases = (
				6E6D88422D3E9989003C6A17 /* Sources */,
				6E6D88432D3E9989003C6A17 /* Frameworks */,
				6E6D88442D3E9989003C6A17 /* Resources */,
			);
			buildRules = (
			);
			dependencies = (
				6E6D88482D3E9989003C6A17 /* PBXTargetDependency */,
			);
			name = ChangeBackGroundColorUITests;
			productName = ChangeBackGroundColorUITests;
			productReference = 6E6D88462D3E9989003C6A17 /* ChangeBackGroundColorUITests.xctest */;
			productType = "com.apple.product-type.bundle.ui-testing";
		};
/* End PBXNativeTarget section */

/* Begin PBXProject section */
		6E6D88242D3E9986003C6A17 /* Project object */ = {
			isa = PBXProject;
			attributes = {
				BuildIndependentTargetsInParallel = 1;
				LastSwiftUpdateCheck = 1400;
				LastUpgradeCheck = 1400;
				TargetAttributes = {
					6E6D882B2D3E9986003C6A17 = {
						CreatedOnToolsVersion = 14.0.1;
					};
					6E6D883B2D3E9989003C6A17 = {
						CreatedOnToolsVersion = 14.0.1;
						TestTargetID = 6E6D882B2D3E9986003C6A17;
					};
					6E6D88452D3E9989003C6A17 = {
						CreatedOnToolsVersion = 14.0.1;
						TestTargetID = 6E6D882B2D3E9986003C6A17;
					};
				};
			};
			buildConfigurationList = 6E6D88272D3E9986003C6A17 /* Build configuration list for PBXProject "ChangeBackGroundColor" */;
			compatibilityVersion = "Xcode 14.0";
			developmentRegion = en;
			hasScannedForEncodings = 0;
			knownRegions = (
				en,
				Base,
			);
			mainGroup = 6E6D88232D3E9986003C6A17;
			productRefGroup = 6E6D882D2D3E9986003C6A17 /* Products */;
			projectDirPath = "";
			projectRoot = "";
			targets = (
				6E6D882B2D3E9986003C6A17 /* ChangeBackGroundColor */,
				6E6D883B2D3E9989003C6A17 /* ChangeBackGroundColorTests */,
				6E6D88452D3E9989003C6A17 /* ChangeBackGroundColorUITests */,
			);
		};
/* End PBXProject section */

/* Begin PBXResourcesBuildPhase section */
		6E6D882A2D3E9986003C6A17 /* Resources */ = {
			isa = PBXResourcesBuildPhase;
			buildActionMask = 2147483647;
			files = (
				6E6D88372D3E9989003C6A17 /* Preview Assets.xcassets in Resources */,
				6E6D88342D3E9989003C6A17 /* Assets.xcassets in Resources */,
			);
			runOnlyForDeploymentPostprocessing = 0;
		};
		6E6D883A2D3E9989003C6A17 /* Resources */ = {
			isa = PBXResourcesBuildPhase;
			buildActionMask = 2147483647;
			files = (
			);
			runOnlyForDeploymentPostprocessing = 0;
		};
		6E6D88442D3E9989003C6A17 /* Resources */ = {
			isa = PBXResourcesBuildPhase;
			buildActionMask = 2147483647;
			files = (
			);
			runOnlyForDeploymentPostprocessing = 0;
		};
/* End PBXResourcesBuildPhase section */

/* Begin PBXSourcesBuildPhase section */
		6E6D88282D3E9986003C6A17 /* Sources */ = {
			isa = PBXSourcesBuildPhase;
			buildActionMask = 2147483647;
			files = (
				6E6D88322D3E9986003C6A17 /* ContentView.swift in Sources */,
				6E6D88302D3E9986003C6A17 /* ChangeBackGroundColorApp.swift in Sources */,
			);
			runOnlyForDeploymentPostprocessing = 0;
		};
		6E6D88382D3E9989003C6A17 /* Sources */ = {
			isa = PBXSourcesBuildPhase;
			buildActionMask = 2147483647;
			files = (
				6E6D88412D3E9989003C6A17 /* ChangeBackGroundColorTests.swift in Sources */,
			);
			runOnlyForDeploymentPostprocessing = 0;
		};
		6E6D88422D3E9989003C6A17 /* Sources */ = {
			isa = PBXSourcesBuildPhase;
			buildActionMask = 2147483647;
			files = (
				6E6D884D2D3E9989003C6A17 /* ChangeBackGroundColorUITestsLaunchTests.swift in Sources */,
				6E6D884B2D3E9989003C6A17 /* ChangeBackGroundColorUITests.swift in Sources */,
			);
			runOnlyForDeploymentPostprocessing = 0;
		};
/* End PBXSourcesBuildPhase section */

/* Begin PBXTargetDependency section */
		6E6D883E2D3E9989003C6A17 /* PBXTargetDependency */ = {
			isa = PBXTargetDependency;
			target = 6E6D882B2D3E9986003C6A17 /* ChangeBackGroundColor */;
			targetProxy = 6E6D883D2D3E9989003C6A17 /* PBXContainerItemProxy */;
		};
		6E6D88482D3E9989003C6A17 /* PBXTargetDependency */ = {
			isa = PBXTargetDependency;
			target = 6E6D882B2D3E9986003C6A17 /* ChangeBackGroundColor */;
			targetProxy = 6E6D88472D3E9989003C6A17 /* PBXContainerItemProxy */;
		};
/* End PBXTargetDependency section */

/* Begin XCBuildConfiguration section */
		6E6D884E2D3E9989003C6A17 /* Debug */ = {
			isa = XCBuildConfiguration;
			buildSettings = {
				ALWAYS_SEARCH_USER_PATHS = NO;
				CLANG_ANALYZER_NONNULL = YES;
				CLANG_ANALYZER_NUMBER_OBJECT_CONVERSION = YES_AGGRESSIVE;
				CLANG_CXX_LANGUAGE_STANDARD = "gnu++20";
				CLANG_ENABLE_MODULES = YES;
				CLANG_ENABLE_OBJC_ARC = YES;
				CLANG_ENABLE_OBJC_WEAK = YES;
				CLANG_WARN_BLOCK_CAPTURE_AUTORELEASING = YES;
				CLANG_WARN_BOOL_CONVERSION = YES;
				CLANG_WARN_COMMA = YES;
				CLANG_WARN_CONSTANT_CONVERSION = YES;
				CLANG_WARN_DEPRECATED_OBJC_IMPLEMENTATIONS = YES;
				CLANG_WARN_DIRECT_OBJC_ISA_USAGE = YES_ERROR;
				CLANG_WARN_DOCUMENTATION_COMMENTS = YES;
				CLANG_WARN_EMPTY_BODY = YES;
				CLANG_WARN_ENUM_CONVERSION = YES;
				CLANG_WARN_INFINITE_RECURSION = YES;
				CLANG_WARN_INT_CONVERSION = YES;
				CLANG_WARN_NON_LITERAL_NULL_CONVERSION = YES;
				CLANG_WARN_OBJC_IMPLICIT_RETAIN_SELF = YES;
				CLANG_WARN_OBJC_LITERAL_CONVERSION = YES;
				CLANG_WARN_OBJC_ROOT_CLASS = YES_ERROR;
				CLANG_WARN_QUOTED_INCLUDE_IN_FRAMEWORK_HEADER = YES;
				CLANG_WARN_RANGE_LOOP_ANALYSIS = YES;
				CLANG_WARN_STRICT_PROTOTYPES = YES;
				CLANG_WARN_SUSPICIOUS_MOVE = YES;
				CLANG_WARN_UNGUARDED_AVAILABILITY = YES_AGGRESSIVE;
				CLANG_WARN_UNREACHABLE_CODE = YES;
				CLANG_WARN__DUPLICATE_METHOD_MATCH = YES;
				COPY_PHASE_STRIP = NO;
				DEBUG_INFORMATION_FORMAT = dwarf;
				ENABLE_STRICT_OBJC_MSGSEND = YES;
				ENABLE_TESTABILITY = YES;
				GCC_C_LANGUAGE_STANDARD = gnu11;
				GCC_DYNAMIC_NO_PIC = NO;
				GCC_NO_COMMON_BLOCKS = YES;
				GCC_OPTIMIZATION_LEVEL = 0;
				GCC_PREPROCESSOR_DEFINITIONS = (
					"DEBUG=1",
					"$(inherited)",
				);
				GCC_WARN_64_TO_32_BIT_CONVERSION = YES;
				GCC_WARN_ABOUT_RETURN_TYPE = YES_ERROR;
				GCC_WARN_UNDECLARED_SELECTOR = YES;
				GCC_WARN_UNINITIALIZED_AUTOS = YES_AGGRESSIVE;
				GCC_WARN_UNUSED_FUNCTION = YES;
				GCC_WARN_UNUSED_VARIABLE = YES;
				IPHONEOS_DEPLOYMENT_TARGET = 16.0;
				MTL_ENABLE_DEBUG_INFO = INCLUDE_SOURCE;
				MTL_FAST_MATH = YES;
				ONLY_ACTIVE_ARCH = YES;
				SDKROOT = iphoneos;
				SWIFT_ACTIVE_COMPILATION_CONDITIONS = DEBUG;
				SWIFT_OPTIMIZATION_LEVEL = "-Onone";
			};
			name = Debug;
		};
		6E6D884F2D3E9989003C6A17 /* Release */ = {
			isa = XCBuildConfiguration;
			buildSettings = {
				ALWAYS_SEARCH_USER_PATHS = NO;
				CLANG_ANALYZER_NONNULL = YES;
				CLANG_ANALYZER_NUMBER_OBJECT_CONVERSION = YES_AGGRESSIVE;
				CLANG_CXX_LANGUAGE_STANDARD = "gnu++20";
				CLANG_ENABLE_MODULES = YES;
				CLANG_ENABLE_OBJC_ARC = YES;
				CLANG_ENABLE_OBJC_WEAK = YES;
				CLANG_WARN_BLOCK_CAPTURE_AUTORELEASING = YES;
				CLANG_WARN_BOOL_CONVERSION = YES;
				CLANG_WARN_COMMA = YES;
				CLANG_WARN_CONSTANT_CONVERSION = YES;
				CLANG_WARN_DEPRECATED_OBJC_IMPLEMENTATIONS = YES;
				CLANG_WARN_DIRECT_OBJC_ISA_USAGE = YES_ERROR;
				CLANG_WARN_DOCUMENTATION_COMMENTS = YES;
				CLANG_WARN_EMPTY_BODY = YES;
				CLANG_WARN_ENUM_CONVERSION = YES;
				CLANG_WARN_INFINITE_RECURSION = YES;
				CLANG_WARN_INT_CONVERSION = YES;
				CLANG_WARN_NON_LITERAL_NULL_CONVERSION = YES;
				CLANG_WARN_OBJC_IMPLICIT_RETAIN_SELF = YES;
				CLANG_WARN_OBJC_LITERAL_CONVERSION = YES;
				CLANG_WARN_OBJC_ROOT_CLASS = YES_ERROR;
				CLANG_WARN_QUOTED_INCLUDE_IN_FRAMEWORK_HEADER = YES;
				CLANG_WARN_RANGE_LOOP_ANALYSIS = YES;
				CLANG_WARN_STRICT_PROTOTYPES = YES;
				CLANG_WARN_SUSPICIOUS_MOVE = YES;
				CLANG_WARN_UNGUARDED_AVAILABILITY = YES_AGGRESSIVE;
				CLANG_WARN_UNREACHABLE_CODE = YES;
				CLANG_WARN__DUPLICATE_METHOD_MATCH = YES;
				COPY_PHASE_STRIP = NO;
				DEBUG_INFORMATION_FORMAT = "dwarf-with-dsym";
				ENABLE_NS_ASSERTIONS = NO;
				ENABLE_STRICT_OBJC_MSGSEND = YES;
				GCC_C_LANGUAGE_STANDARD = gnu11;
				GCC_NO_COMMON_BLOCKS = YES;
				GCC_WARN_64_TO_32_BIT_CONVERSION = YES;
				GCC_WARN_ABOUT_RETURN_TYPE = YES_ERROR;
				GCC_WARN_UNDECLARED_SELECTOR = YES;
				GCC_WARN_UNINITIALIZED_AUTOS = YES_AGGRESSIVE;
				GCC_WARN_UNUSED_FUNCTION = YES;
				GCC_WARN_UNUSED_VARIABLE = YES;
				IPHONEOS_DEPLOYMENT_TARGET = 16.0;
				MTL_ENABLE_DEBUG_INFO = NO;
				MTL_FAST_MATH = YES;
				SDKROOT = iphoneos;
				SWIFT_COMPILATION_MODE = wholemodule;
				SWIFT_OPTIMIZATION_LEVEL = "-O";
				VALIDATE_PRODUCT = YES;
			};
			name = Release;
		};
		6E6D88512D3E9989003C6A17 /* Debug */ = {
			isa = XCBuildConfiguration;
			buildSettings = {
				ASSETCATALOG_COMPILER_APPICON_NAME = AppIcon;
				ASSETCATALOG_COMPILER_GLOBAL_ACCENT_COLOR_NAME = AccentColor;
				CODE_SIGN_STYLE = Automatic;
				CURRENT_PROJECT_VERSION = 1;
				DEVELOPMENT_ASSET_PATHS = "\"ChangeBackGroundColor/Preview Content\"";
				DEVELOPMENT_TEAM = 8M5ZB4R29P;
				ENABLE_PREVIEWS = YES;
				GENERATE_INFOPLIST_FILE = YES;
				INFOPLIST_KEY_UIApplicationSceneManifest_Generation = YES;
				INFOPLIST_KEY_UIApplicationSupportsIndirectInputEvents = YES;
				INFOPLIST_KEY_UILaunchScreen_Generation = YES;
				INFOPLIST_KEY_UISupportedInterfaceOrientations_iPad = "UIInterfaceOrientationPortrait UIInterfaceOrientationPortraitUpsideDown UIInterfaceOrientationLandscapeLeft UIInterfaceOrientationLandscapeRight";
				INFOPLIST_KEY_UISupportedInterfaceOrientations_iPhone = "UIInterfaceOrientationPortrait UIInterfaceOrientationLandscapeLeft UIInterfaceOrientationLandscapeRight";
				LD_RUNPATH_SEARCH_PATHS = (
					"$(inherited)",
					"@executable_path/Frameworks",
				);
				MARKETING_VERSION = 1.0;
				PRODUCT_BUNDLE_IDENTIFIER = SwiftDeveloper.ChangeBackGroundColor;
				PRODUCT_NAME = "$(TARGET_NAME)";
				SWIFT_EMIT_LOC_STRINGS = YES;
				SWIFT_VERSION = 5.0;
				TARGETED_DEVICE_FAMILY = "1,2";
			};
			name = Debug;
		};
		6E6D88522D3E9989003C6A17 /* Release */ = {
			isa = XCBuildConfiguration;
			buildSettings = {
				ASSETCATALOG_COMPILER_APPICON_NAME = AppIcon;
				ASSETCATALOG_COMPILER_GLOBAL_ACCENT_COLOR_NAME = AccentColor;
				CODE_SIGN_STYLE = Automatic;
				CURRENT_PROJECT_VERSION = 1;
				DEVELOPMENT_ASSET_PATHS = "\"ChangeBackGroundColor/Preview Content\"";
				DEVELOPMENT_TEAM = 8M5ZB4R29P;
				ENABLE_PREVIEWS = YES;
				GENERATE_INFOPLIST_FILE = YES;
				INFOPLIST_KEY_UIApplicationSceneManifest_Generation = YES;
				INFOPLIST_KEY_UIApplicationSupportsIndirectInputEvents = YES;
				INFOPLIST_KEY_UILaunchScreen_Generation = YES;
				INFOPLIST_KEY_UISupportedInterfaceOrientations_iPad = "UIInterfaceOrientationPortrait UIInterfaceOrientationPortraitUpsideDown UIInterfaceOrientationLandscapeLeft UIInterfaceOrientationLandscapeRight";
				INFOPLIST_KEY_UISupportedInterfaceOrientations_iPhone = "UIInterfaceOrientationPortrait UIInterfaceOrientationLandscapeLeft UIInterfaceOrientationLandscapeRight";
				LD_RUNPATH_SEARCH_PATHS = (
					"$(inherited)",
					"@executable_path/Frameworks",
				);
				MARKETING_VERSION = 1.0;
				PRODUCT_BUNDLE_IDENTIFIER = SwiftDeveloper.ChangeBackGroundColor;
				PRODUCT_NAME = "$(TARGET_NAME)";
				SWIFT_EMIT_LOC_STRINGS = YES;
				SWIFT_VERSION = 5.0;
				TARGETED_DEVICE_FAMILY = "1,2";
			};
			name = Release;
		};
		6E6D88542D3E9989003C6A17 /* Debug */ = {
			isa = XCBuildConfiguration;
			buildSettings = {
				ALWAYS_EMBED_SWIFT_STANDARD_LIBRARIES = YES;
				BUNDLE_LOADER = "$(TEST_HOST)";
				CODE_SIGN_STYLE = Automatic;
				CURRENT_PROJECT_VERSION = 1;
				DEVELOPMENT_TEAM = 8M5ZB4R29P;
				GENERATE_INFOPLIST_FILE = YES;
				IPHONEOS_DEPLOYMENT_TARGET = 16.0;
				MARKETING_VERSION = 1.0;
				PRODUCT_BUNDLE_IDENTIFIER = SwiftDeveloper.ChangeBackGroundColorTests;
				PRODUCT_NAME = "$(TARGET_NAME)";
				SWIFT_EMIT_LOC_STRINGS = NO;
				SWIFT_VERSION = 5.0;
				TARGETED_DEVICE_FAMILY = "1,2";
				TEST_HOST = "$(BUILT_PRODUCTS_DIR)/ChangeBackGroundColor.app/$(BUNDLE_EXECUTABLE_FOLDER_PATH)/ChangeBackGroundColor";
			};
			name = Debug;
		};
		6E6D88552D3E9989003C6A17 /* Release */ = {
			isa = XCBuildConfiguration;
			buildSettings = {
				ALWAYS_EMBED_SWIFT_STANDARD_LIBRARIES = YES;
				BUNDLE_LOADER = "$(TEST_HOST)";
				CODE_SIGN_STYLE = Automatic;
				CURRENT_PROJECT_VERSION = 1;
				DEVELOPMENT_TEAM = 8M5ZB4R29P;
				GENERATE_INFOPLIST_FILE = YES;
				IPHONEOS_DEPLOYMENT_TARGET = 16.0;
				MARKETING_VERSION = 1.0;
				PRODUCT_BUNDLE_IDENTIFIER = SwiftDeveloper.ChangeBackGroundColorTests;
				PRODUCT_NAME = "$(TARGET_NAME)";
				SWIFT_EMIT_LOC_STRINGS = NO;
				SWIFT_VERSION = 5.0;
				TARGETED_DEVICE_FAMILY = "1,2";
				TEST_HOST = "$(BUILT_PRODUCTS_DIR)/ChangeBackGroundColor.app/$(BUNDLE_EXECUTABLE_FOLDER_PATH)/ChangeBackGroundColor";
			};
			name = Release;
		};
		6E6D88572D3E9989003C6A17 /* Debug */ = {
			isa = XCBuildConfiguration;
			buildSettings = {
				ALWAYS_EMBED_SWIFT_STANDARD_LIBRARIES = YES;
				CODE_SIGN_STYLE = Automatic;
				CURRENT_PROJECT_VERSION = 1;
				DEVELOPMENT_TEAM = 8M5ZB4R29P;
				GENERATE_INFOPLIST_FILE = YES;
				MARKETING_VERSION = 1.0;
				PRODUCT_BUNDLE_IDENTIFIER = SwiftDeveloper.ChangeBackGroundColorUITests;
				PRODUCT_NAME = "$(TARGET_NAME)";
				SWIFT_EMIT_LOC_STRINGS = NO;
				SWIFT_VERSION = 5.0;
				TARGETED_DEVICE_FAMILY = "1,2";
				TEST_TARGET_NAME = ChangeBackGroundColor;
			};
			name = Debug;
		};
		6E6D88582D3E9989003C6A17 /* Release */ = {
			isa = XCBuildConfiguration;
			buildSettings = {
				ALWAYS_EMBED_SWIFT_STANDARD_LIBRARIES = YES;
				CODE_SIGN_STYLE = Automatic;
				CURRENT_PROJECT_VERSION = 1;
				DEVELOPMENT_TEAM = 8M5ZB4R29P;
				GENERATE_INFOPLIST_FILE = YES;
				MARKETING_VERSION = 1.0;
				PRODUCT_BUNDLE_IDENTIFIER = SwiftDeveloper.ChangeBackGroundColorUITests;
				PRODUCT_NAME = "$(TARGET_NAME)";
				SWIFT_EMIT_LOC_STRINGS = NO;
				SWIFT_VERSION = 5.0;
				TARGETED_DEVICE_FAMILY = "1,2";
				TEST_TARGET_NAME = ChangeBackGroundColor;
			};
			name = Release;
		};
/* End XCBuildConfiguration section */

/* Begin XCConfigurationList section */
		6E6D88272D3E9986003C6A17 /* Build configuration list for PBXProject "ChangeBackGroundColor" */ = {
			isa = XCConfigurationList;
			buildConfigurations = (
				6E6D884E2D3E9989003C6A17 /* Debug */,
				6E6D884F2D3E9989003C6A17 /* Release */,
			);
			defaultConfigurationIsVisible = 0;
			defaultConfigurationName = Release;
		};
		6E6D88502D3E9989003C6A17 /* Build configuration list for PBXNativeTarget "ChangeBackGroundColor" */ = {
			isa = XCConfigurationList;
			buildConfigurations = (
				6E6D88512D3E9989003C6A17 /* Debug */,
				6E6D88522D3E9989003C6A17 /* Release */,
			);
			defaultConfigurationIsVisible = 0;
			defaultConfigurationName = Release;
		};
		6E6D88532D3E9989003C6A17 /* Build configuration list for PBXNativeTarget "ChangeBackGroundColorTests" */ = {
			isa = XCConfigurationList;
			buildConfigurations = (
				6E6D88542D3E9989003C6A17 /* Debug */,
				6E6D88552D3E9989003C6A17 /* Release */,
			);
			defaultConfigurationIsVisible = 0;
			defaultConfigurationName = Release;
		};
		6E6D88562D3E9989003C6A17 /* Build configuration list for PBXNativeTarget "ChangeBackGroundColorUITests" */ = {
			isa = XCConfigurationList;
			buildConfigurations = (
				6E6D88572D3E9989003C6A17 /* Debug */,
				6E6D88582D3E9989003C6A17 /* Release */,
			);
			defaultConfigurationIsVisible = 0;
			defaultConfigurationName = Release;
		};
/* End XCConfigurationList section */
	};
	rootObject = 6E6D88242D3E9986003C6A17 /* Project object */;
}
